
Microsoft Visual Studio Solution File, Format Version 12.00
# Visual Studio Version 16
VisualStudioVersion = 16.0.32929.386
MinimumVisualStudioVersion = 10.0.40219.1
Project("{FAE04EC0-301F-11D3-BF4B-00C04F79EFBC}") = "BingoApp", "BingoApp\BingoApp.csproj", "{71524EEA-538D-48BE-A9F5-78CF34CF6712}"
EndProject
Global
	GlobalSection(SolutionConfigurationPlatforms) = preSolution
		Debug|Any CPU = Debug|Any CPU
		Release|Any CPU = Release|Any CPU
	EndGlobalSection
	GlobalSection(ProjectConfigurationPlatforms) = postSolution
		{71524EEA-538D-48BE-A9F5-78CF34CF6712}.Debug|Any CPU.ActiveCfg = Debug|Any CPU
		{71524EEA-538D-48BE-A9F5-78CF34CF6712}.Debug|Any CPU.Build.0 = Debug|Any CPU
		{71524EEA-538D-48BE-A9F5-78CF34CF6712}.Release|Any CPU.ActiveCfg = Release|Any CPU
		{71524EEA-538D-48BE-A9F5-78CF34CF6712}.Release|Any CPU.Build.0 = Release|Any CPU
	EndGlobalSection
	GlobalSection(SolutionProperties) = preSolution
		HideSolutionNode = FALSE
	EndGlobalSection
	GlobalSection(ExtensibilityGlobals) = postSolution
		SolutionGuid = {356DA8F9-FE3F-4097-B91A-9D3BAEF3E416}
	EndGlobalSection
EndGlobal
